
Microsoft Visual Studio Solution File, Format Version 12.00
# Visual Studio 15
VisualStudioVersion = 15.0.26430.16
MinimumVisualStudioVersion = 10.0.40219.1
Project("{FAE04EC0-301F-11D3-BF4B-00C04F79EFBC}") = "VideoAppUI", "VideoAppUI\VideoAppUI.csproj", "{10CCDE0F-A17D-4221-8A4A-DE15F8359C1E}"
EndProject
Project("{FAE04EC0-301F-11D3-BF4B-00C04F79EFBC}") = "VideoAppBLL", "VideoAppBLL\VideoAppBLL.csproj", "{8CC3DB06-44B8-4E92-A492-DEDCBAD59E41}"
EndProject
Project("{FAE04EC0-301F-11D3-BF4B-00C04F79EFBC}") = "VideoAppDAL", "VideoAppDAL\VideoAppDAL.csproj", "{26145180-4563-4B7D-A58F-7C9070E5C382}"
EndProject
Project("{FAE04EC0-301F-11D3-BF4B-00C04F79EFBC}") = "VideoAppEntity", "VideoAppEntity\VideoAppEntity.csproj", "{6918E471-F5CE-4509-A330-C86C703A66E2}"
EndProject
Global
	GlobalSection(SolutionConfigurationPlatforms) = preSolution
		Debug|Any CPU = Debug|Any CPU
		Release|Any CPU = Release|Any CPU
	EndGlobalSection
	GlobalSection(ProjectConfigurationPlatforms) = postSolution
		{10CCDE0F-A17D-4221-8A4A-DE15F8359C1E}.Debug|Any CPU.ActiveCfg = Debug|Any CPU
		{10CCDE0F-A17D-4221-8A4A-DE15F8359C1E}.Debug|Any CPU.Build.0 = Debug|Any CPU
		{10CCDE0F-A17D-4221-8A4A-DE15F8359C1E}.Release|Any CPU.ActiveCfg = Release|Any CPU
		{10CCDE0F-A17D-4221-8A4A-DE15F8359C1E}.Release|Any CPU.Build.0 = Release|Any CPU
		{8CC3DB06-44B8-4E92-A492-DEDCBAD59E41}.Debug|Any CPU.ActiveCfg = Debug|Any CPU
		{8CC3DB06-44B8-4E92-A492-DEDCBAD59E41}.Debug|Any CPU.Build.0 = Debug|Any CPU
		{8CC3DB06-44B8-4E92-A492-DEDCBAD59E41}.Release|Any CPU.ActiveCfg = Release|Any CPU
		{8CC3DB06-44B8-4E92-A492-DEDCBAD59E41}.Release|Any CPU.Build.0 = Release|Any CPU
		{26145180-4563-4B7D-A58F-7C9070E5C382}.Debug|Any CPU.ActiveCfg = Debug|Any CPU
		{26145180-4563-4B7D-A58F-7C9070E5C382}.Debug|Any CPU.Build.0 = Debug|Any CPU
		{26145180-4563-4B7D-A58F-7C9070E5C382}.Release|Any CPU.ActiveCfg = Release|Any CPU
		{26145180-4563-4B7D-A58F-7C9070E5C382}.Release|Any CPU.Build.0 = Release|Any CPU
		{6918E471-F5CE-4509-A330-C86C703A66E2}.Debug|Any CPU.ActiveCfg = Debug|Any CPU
		{6918E471-F5CE-4509-A330-C86C703A66E2}.Debug|Any CPU.Build.0 = Debug|Any CPU
		{6918E471-F5CE-4509-A330-C86C703A66E2}.Release|Any CPU.ActiveCfg = Release|Any CPU
		{6918E471-F5CE-4509-A330-C86C703A66E2}.Release|Any CPU.Build.0 = Release|Any CPU
	EndGlobalSection
	GlobalSection(SolutionProperties) = preSolution
		HideSolutionNode = FALSE
	EndGlobalSection
EndGlobal
